{
  "originHash" : "8c2fc5419d0baacf10c1561f1e51631a402831d1fa0f3411402ea5ddfe6d44f4",
  "pins" : [
    {
      "identity" : "hope",
      "kind" : "remoteSourceControl",
      "location" : "https://github.com/screensailor/Hope",
      "state" : {
        "branch" : "trunk",
        "revision" : "b76209cf412ba8a78941a298ff0c5d2a58cc4e6a"
      }
    },
    {
      "identity" : "mlx-swift",
      "kind" : "remoteSourceControl",
      "location" : "https://github.com/ml-explore/mlx-swift",
      "state" : {
        "revision" : "61b9e011e09a62b489f6bd647958f1555bdf2896",
        "version" : "0.31.3"
      }
    },
    {
      "identity" : "mlx-swift-lm",
      "kind" : "remoteSourceControl",
      "location" : "https://github.com/ml-explore/mlx-swift-lm",
      "state" : {
        "revision" : "1c05248bb0899e2a7a4962b84d319cf12f4e12aa",
        "version" : "3.31.3"
      }
    },
    {
      "identity" : "swift-argument-parser",
      "kind" : "remoteSourceControl",
      "location" : "https://github.com/apple/swift-argument-parser",
      "state" : {
        "revision" : "626b5b7b2f45e1b0b1c6f4a309296d1d21d7311b",
        "version" : "1.7.1"
      }
    },
    {
      "identity" : "swift-asn1",
      "kind" : "remoteSourceControl",
      "location" : "https://github.com/apple/swift-asn1.git",
      "state" : {
        "revision" : "eb50cbd14606a9161cbc5d452f18797c90ef0bab",
        "version" : "1.7.0"
      }
    },
    {
      "identity" : "swift-async-algorithms",
      "kind" : "remoteSourceControl",
      "location" : "https://github.com/apple/swift-async-algorithms",
      "state" : {
        "revision" : "d0b4a06d0f173a2f3be27d3ea21b3c3aa18db440",
        "version" : "1.1.4"
      }
    },
    {
      "identity" : "swift-collections",
      "kind" : "remoteSourceControl",
      "location" : "https://github.com/apple/swift-collections",
      "state" : {
        "revision" : "fea17c02d767f46b23070fdfdacc28a03a39232a",
        "version" : "1.5.1"
      }
    },
    {
      "identity" : "swift-crypto",
      "kind" : "remoteSourceControl",
      "location" : "https://github.com/apple/swift-crypto",
      "state" : {
        "revision" : "1b6b2e274e85105bfa155183145a1dcfd63331f1",
        "version" : "4.5.0"
      }
    },
    {
      "identity" : "swift-filelock",
      "kind" : "remoteSourceControl",
      "location" : "https://github.com/DePasqualeOrg/swift-filelock",
      "state" : {
        "revision" : "3894dbeea7593724b847f7cff32a3e2b162b70a0",
        "version" : "0.1.1"
      }
    },
    {
      "identity" : "swift-hf-api",
      "kind" : "remoteSourceControl",
      "location" : "https://github.com/DePasqualeOrg/swift-hf-api",
      "state" : {
        "revision" : "985a673cbe2be9b61e1cbcbf062083ae6d648a8d",
        "version" : "0.3.2"
      }
    },
    {
      "identity" : "swift-hf-api-mlx",
      "kind" : "remoteSourceControl",
      "location" : "https://github.com/DePasqualeOrg/swift-hf-api-mlx",
      "state" : {
        "revision" : "83189f677280b85e22dd7fa11d12d97b245a2013",
        "version" : "0.2.0"
      }
    },
    {
      "identity" : "swift-numerics",
      "kind" : "remoteSourceControl",
      "location" : "https://github.com/apple/swift-numerics",
      "state" : {
        "revision" : "0c0290ff6b24942dadb83a929ffaaa1481df04a2",
        "version" : "1.1.1"
      }
    },
    {
      "identity" : "swift-sse",
      "kind" : "remoteSourceControl",
      "location" : "https://github.com/DePasqualeOrg/swift-sse",
      "state" : {
        "revision" : "c8e3f1a5d4cdf708c891bae1f2a975519627b65c",
        "version" : "0.1.0"
      }
    },
    {
      "identity" : "swift-syntax",
      "kind" : "remoteSourceControl",
      "location" : "https://github.com/swiftlang/swift-syntax.git",
      "state" : {
        "revision" : "0687f71944021d616d34d922343dcef086855920",
        "version" : "600.0.1"
      }
    },
    {
      "identity" : "swift-tokenizers",
      "kind" : "remoteSourceControl",
      "location" : "https://github.com/DePasqualeOrg/swift-tokenizers.git",
      "state" : {
        "revision" : "f5b3582cc500e3687fa83a1ee146c34d0a63bdf0",
        "version" : "0.6.3"
      }
    },
    {
      "identity" : "swift-xet",
      "kind" : "remoteSourceControl",
      "location" : "https://github.com/DePasqualeOrg/swift-xet",
      "state" : {
        "revision" : "4395b0900c1d45614d323b9ba1109cd46dc1c1d7",
        "version" : "0.2.0"
      }
    }
  ],
  "version" : 3
}
